
Microsoft Visual Studio Solution File, Format Version 12.00
# Visual Studio Version 17
VisualStudioVersion = 17.11.35222.181
MinimumVisualStudioVersion = 10.0.40219.1
Project("{8BC9CEB8-8B4A-11D0-8D11-00A0C91BC942}") = "adgrid", "adgrid.vcxproj", "{97E4B243-87F8-4AC4-9E93-492CF236138A}"
EndProject
Project("{8BC9CEB8-8B4A-11D0-8D11-00A0C91BC942}") = "exec", "..\exec\exec.vcxproj", "{FB6D0287-DCAD-4710-8B20-521F3AC678EB}"
EndProject
Global
	GlobalSection(SolutionConfigurationPlatforms) = preSolution
		Debug|x64 = Debug|x64
		Debug|x86 = Debug|x86
		Release|x64 = Release|x64
		Release|x86 = Release|x86
	EndGlobalSection
	GlobalSection(ProjectConfigurationPlatforms) = postSolution
		{97E4B243-87F8-4AC4-9E93-492CF236138A}.Debug|x64.ActiveCfg = Debug|x64
		{97E4B243-87F8-4AC4-9E93-492CF236138A}.Debug|x64.Build.0 = Debug|x64
		{97E4B243-87F8-4AC4-9E93-492CF236138A}.Debug|x86.ActiveCfg = Debug|Win32
		{97E4B243-87F8-4AC4-9E93-492CF236138A}.Debug|x86.Build.0 = Debug|Win32
		{97E4B243-87F8-4AC4-9E93-492CF236138A}.Release|x64.ActiveCfg = Release|x64
		{97E4B243-87F8-4AC4-9E93-492CF236138A}.Release|x64.Build.0 = Release|x64
		{97E4B243-87F8-4AC4-9E93-492CF236138A}.Release|x86.ActiveCfg = Release|Win32
		{97E4B243-87F8-4AC4-9E93-492CF236138A}.Release|x86.Build.0 = Release|Win32
		{FB6D0287-DCAD-4710-8B20-521F3AC678EB}.Debug|x64.ActiveCfg = Debug|x64
		{FB6D0287-DCAD-4710-8B20-521F3AC678EB}.Debug|x64.Build.0 = Debug|x64
		{FB6D0287-DCAD-4710-8B20-521F3AC678EB}.Debug|x86.ActiveCfg = Debug|Win32
		{FB6D0287-DCAD-4710-8B20-521F3AC678EB}.Debug|x86.Build.0 = Debug|Win32
		{FB6D0287-DCAD-4710-8B20-521F3AC678EB}.Release|x64.ActiveCfg = Release|x64
		{FB6D0287-DCAD-4710-8B20-521F3AC678EB}.Release|x64.Build.0 = Release|x64
		{FB6D0287-DCAD-4710-8B20-521F3AC678EB}.Release|x86.ActiveCfg = Release|Win32
		{FB6D0287-DCAD-4710-8B20-521F3AC678EB}.Release|x86.Build.0 = Release|Win32
	EndGlobalSection
	GlobalSection(SolutionProperties) = preSolution
		HideSolutionNode = FALSE
	EndGlobalSection
	GlobalSection(ExtensibilityGlobals) = postSolution
		SolutionGuid = {8FF67D8D-8221-4781-AE7A-AECFA5ADB0EC}
	EndGlobalSection
EndGlobal
